
Microsoft Visual Studio Solution File, Format Version 12.00
# Visual Studio Version 16
VisualStudioVersion = 16.0.31702.278
MinimumVisualStudioVersion = 10.0.40219.1
Project("{FAE04EC0-301F-11D3-BF4B-00C04F79EFBC}") = "SignalRClient", "SignalRClient\SignalRClient.csproj", "{361AE761-0B2B-41FE-8246-944C841B6DA0}"
EndProject
Project("{9A19103F-16F7-4668-BE54-9A1E7A4F7556}") = "SignalR-GameServer-v1", "..\SignalR-GameServer-v1\SignalR-GameServer-v1.csproj", "{4A093847-9E51-4E42-8862-BFDF3CC77CFC}"
EndProject
Global
	GlobalSection(SolutionConfigurationPlatforms) = preSolution
		Debug|Any CPU = Debug|Any CPU
		Release|Any CPU = Release|Any CPU
	EndGlobalSection
	GlobalSection(ProjectConfigurationPlatforms) = postSolution
		{361AE761-0B2B-41FE-8246-944C841B6DA0}.Debug|Any CPU.ActiveCfg = Debug|Any CPU
		{361AE761-0B2B-41FE-8246-944C841B6DA0}.Debug|Any CPU.Build.0 = Debug|Any CPU
		{361AE761-0B2B-41FE-8246-944C841B6DA0}.Release|Any CPU.ActiveCfg = Release|Any CPU
		{361AE761-0B2B-41FE-8246-944C841B6DA0}.Release|Any CPU.Build.0 = Release|Any CPU
		{4A093847-9E51-4E42-8862-BFDF3CC77CFC}.Debug|Any CPU.ActiveCfg = Debug|Any CPU
		{4A093847-9E51-4E42-8862-BFDF3CC77CFC}.Debug|Any CPU.Build.0 = Debug|Any CPU
		{4A093847-9E51-4E42-8862-BFDF3CC77CFC}.Release|Any CPU.ActiveCfg = Release|Any CPU
		{4A093847-9E51-4E42-8862-BFDF3CC77CFC}.Release|Any CPU.Build.0 = Release|Any CPU
	EndGlobalSection
	GlobalSection(SolutionProperties) = preSolution
		HideSolutionNode = FALSE
	EndGlobalSection
	GlobalSection(ExtensibilityGlobals) = postSolution
		SolutionGuid = {A06F10DF-8F7D-43DC-9A35-75515CED0699}
	EndGlobalSection
EndGlobal
